
Microsoft Visual Studio Solution File, Format Version 12.00
# Visual Studio Version 16
VisualStudioVersion = 16.0.30002.166
MinimumVisualStudioVersion = 10.0.40219.1
Project("{9A19103F-16F7-4668-BE54-9A1E7A4F7556}") = "SmartLibrary.API", "SmartLibrary.API\SmartLibrary.API.csproj", "{649F14F3-853E-4095-A1EB-02B4D17459A3}"
EndProject
Project("{9A19103F-16F7-4668-BE54-9A1E7A4F7556}") = "SmartLibrary.DTO", "SmartLibrary.DTO\SmartLibrary.DTO.csproj", "{65A088B3-304B-439C-AD42-5068D18CA470}"
EndProject
Project("{9A19103F-16F7-4668-BE54-9A1E7A4F7556}") = "SmartLibrary.DAL", "SmartLibrary.DAL\SmartLibrary.DAL.csproj", "{53DDE1FD-BCB3-46C9-936E-0C356BEDC94F}"
EndProject
Project("{9A19103F-16F7-4668-BE54-9A1E7A4F7556}") = "SmartLibrary.BLL", "SmartLibrary.BLL\SmartLibrary.BLL.csproj", "{55A259D6-1180-430F-B328-4388C847CB94}"
EndProject
Project("{FAE04EC0-301F-11D3-BF4B-00C04F79EFBC}") = "SmartLibrary.Tests", "SmartyLibrary.Tests\SmartLibrary.Tests.csproj", "{F055EE39-B699-440C-8402-93002BE9AC02}"
EndProject
Global
	GlobalSection(SolutionConfigurationPlatforms) = preSolution
		Debug|Any CPU = Debug|Any CPU
		Release|Any CPU = Release|Any CPU
	EndGlobalSection
	GlobalSection(ProjectConfigurationPlatforms) = postSolution
		{649F14F3-853E-4095-A1EB-02B4D17459A3}.Debug|Any CPU.ActiveCfg = Debug|Any CPU
		{649F14F3-853E-4095-A1EB-02B4D17459A3}.Debug|Any CPU.Build.0 = Debug|Any CPU
		{649F14F3-853E-4095-A1EB-02B4D17459A3}.Release|Any CPU.ActiveCfg = Release|Any CPU
		{649F14F3-853E-4095-A1EB-02B4D17459A3}.Release|Any CPU.Build.0 = Release|Any CPU
		{65A088B3-304B-439C-AD42-5068D18CA470}.Debug|Any CPU.ActiveCfg = Debug|Any CPU
		{65A088B3-304B-439C-AD42-5068D18CA470}.Debug|Any CPU.Build.0 = Debug|Any CPU
		{65A088B3-304B-439C-AD42-5068D18CA470}.Release|Any CPU.ActiveCfg = Release|Any CPU
		{65A088B3-304B-439C-AD42-5068D18CA470}.Release|Any CPU.Build.0 = Release|Any CPU
		{53DDE1FD-BCB3-46C9-936E-0C356BEDC94F}.Debug|Any CPU.ActiveCfg = Debug|Any CPU
		{53DDE1FD-BCB3-46C9-936E-0C356BEDC94F}.Debug|Any CPU.Build.0 = Debug|Any CPU
		{53DDE1FD-BCB3-46C9-936E-0C356BEDC94F}.Release|Any CPU.ActiveCfg = Release|Any CPU
		{53DDE1FD-BCB3-46C9-936E-0C356BEDC94F}.Release|Any CPU.Build.0 = Release|Any CPU
		{55A259D6-1180-430F-B328-4388C847CB94}.Debug|Any CPU.ActiveCfg = Debug|Any CPU
		{55A259D6-1180-430F-B328-4388C847CB94}.Debug|Any CPU.Build.0 = Debug|Any CPU
		{55A259D6-1180-430F-B328-4388C847CB94}.Release|Any CPU.ActiveCfg = Release|Any CPU
		{55A259D6-1180-430F-B328-4388C847CB94}.Release|Any CPU.Build.0 = Release|Any CPU
		{F055EE39-B699-440C-8402-93002BE9AC02}.Debug|Any CPU.ActiveCfg = Debug|Any CPU
		{F055EE39-B699-440C-8402-93002BE9AC02}.Debug|Any CPU.Build.0 = Debug|Any CPU
		{F055EE39-B699-440C-8402-93002BE9AC02}.Release|Any CPU.ActiveCfg = Release|Any CPU
		{F055EE39-B699-440C-8402-93002BE9AC02}.Release|Any CPU.Build.0 = Release|Any CPU
	EndGlobalSection
	GlobalSection(SolutionProperties) = preSolution
		HideSolutionNode = FALSE
	EndGlobalSection
	GlobalSection(ExtensibilityGlobals) = postSolution
		SolutionGuid = {865EF3CA-3DD6-4614-A03B-022669E3A68C}
	EndGlobalSection
EndGlobal
